
Microsoft Visual Studio Solution File, Format Version 12.00
# Visual Studio Version 17
VisualStudioVersion = 17.3.32901.215
MinimumVisualStudioVersion = 10.0.40219.1
Project("{FAE04EC0-301F-11D3-BF4B-00C04F79EFBC}") = "WebShop", "WebShop\WebShop.csproj", "{69E47D5C-CF3D-4FFF-BE70-0C370105163A}"
EndProject
Global
	GlobalSection(SolutionConfigurationPlatforms) = preSolution
		Debug|Any CPU = Debug|Any CPU
		Release|Any CPU = Release|Any CPU
	EndGlobalSection
	GlobalSection(ProjectConfigurationPlatforms) = postSolution
		{69E47D5C-CF3D-4FFF-BE70-0C370105163A}.Debug|Any CPU.ActiveCfg = Debug|Any CPU
		{69E47D5C-CF3D-4FFF-BE70-0C370105163A}.Debug|Any CPU.Build.0 = Debug|Any CPU
		{69E47D5C-CF3D-4FFF-BE70-0C370105163A}.Release|Any CPU.ActiveCfg = Release|Any CPU
		{69E47D5C-CF3D-4FFF-BE70-0C370105163A}.Release|Any CPU.Build.0 = Release|Any CPU
	EndGlobalSection
	GlobalSection(SolutionProperties) = preSolution
		HideSolutionNode = FALSE
	EndGlobalSection
	GlobalSection(ExtensibilityGlobals) = postSolution
		SolutionGuid = {11F51D52-A5F8-4ACA-8858-BC4C6DC2D60E}
	EndGlobalSection
EndGlobal
